Microsoft Visual Studio Solution File, Format Version 12.00
# Visual Studio Version 17
VisualStudioVersion = 17.10.34707.107
MinimumVisualStudioVersion = 10.0.40219.1
Project("{9A19103F-16F7-4668-BE54-9A1E7A4F7556}") = "Todo.AppHost", "src\Todo.AppHost\Todo.AppHost.csproj", "{A4B2515F-488C-43E4-9ABC-0FDCB3BA75AA}"
EndProject
Project("{9A19103F-16F7-4668-BE54-9A1E7A4F7556}") = "Todo.ServiceDefaults", "src\Todo.ServiceDefaults\Todo.ServiceDefaults.csproj", "{6E4B53EB-1036-4443-8970-DCEDDB518B43}"
EndProject
Project("{9A19103F-16F7-4668-BE54-9A1E7A4F7556}") = "Todo.Api", "src\Todo.Api\Todo.Api.csproj", "{F9DDA5CD-9FE5-4C08-B947-C89037F4A371}"
EndProject
Project("{9A19103F-16F7-4668-BE54-9A1E7A4F7556}") = "Todo.Web", "src\Todo.Web\Todo.Web.csproj", "{9D806714-A49A-4E8D-901E-697D6BDB0E7F}"
EndProject
Project("{2150E333-8FDC-42A3-9474-1A3956D46DE8}") = "src", "src", "{82862A9E-6ECE-476D-9A60-FC3483E82336}"
EndProject
Project("{2150E333-8FDC-42A3-9474-1A3956D46DE8}") = "host", "host", "{5A4B0ED2-029F-4F72-BCDE-369B0E4D47B3}"
EndProject
Project("{9A19103F-16F7-4668-BE54-9A1E7A4F7556}") = "Todo.Data", "src\Todo.Data\Todo.Data.csproj", "{7047EAAB-70BB-4A69-8AA4-6FDB900FE89D}"
EndProject
Project("{9A19103F-16F7-4668-BE54-9A1E7A4F7556}") = "Todo.Common", "src\Todo.Common\Todo.Common.csproj", "{E65DFEA1-B244-4DDA-B657-6C1B6A31FE55}"
EndProject
Project("{2150E333-8FDC-42A3-9474-1A3956D46DE8}") = "Solution Items", "Solution Items", "{0CFBECA4-0F1E-4B96-B486-DF4FB4124E05}"
	ProjectSection(SolutionItems) = preProject
		README.md = README.md
	EndProjectSection
EndProject
Global
	GlobalSection(SolutionConfigurationPlatforms) = preSolution
		Debug|Any CPU = Debug|Any CPU
		Release|Any CPU = Release|Any CPU
	EndGlobalSection
	GlobalSection(ProjectConfigurationPlatforms) = postSolution
		{A4B2515F-488C-43E4-9ABC-0FDCB3BA75AA}.Debug|Any CPU.ActiveCfg = Debug|Any CPU
		{A4B2515F-488C-43E4-9ABC-0FDCB3BA75AA}.Debug|Any CPU.Build.0 = Debug|Any CPU
		{A4B2515F-488C-43E4-9ABC-0FDCB3BA75AA}.Release|Any CPU.ActiveCfg = Release|Any CPU
		{A4B2515F-488C-43E4-9ABC-0FDCB3BA75AA}.Release|Any CPU.Build.0 = Release|Any CPU
		{6E4B53EB-1036-4443-8970-DCEDDB518B43}.Debug|Any CPU.ActiveCfg = Debug|Any CPU
		{6E4B53EB-1036-4443-8970-DCEDDB518B43}.Debug|Any CPU.Build.0 = Debug|Any CPU
		{6E4B53EB-1036-4443-8970-DCEDDB518B43}.Release|Any CPU.ActiveCfg = Release|Any CPU
		{6E4B53EB-1036-4443-8970-DCEDDB518B43}.Release|Any CPU.Build.0 = Release|Any CPU
		{F9DDA5CD-9FE5-4C08-B947-C89037F4A371}.Debug|Any CPU.ActiveCfg = Debug|Any CPU
		{F9DDA5CD-9FE5-4C08-B947-C89037F4A371}.Debug|Any CPU.Build.0 = Debug|Any CPU
		{F9DDA5CD-9FE5-4C08-B947-C89037F4A371}.Release|Any CPU.ActiveCfg = Release|Any CPU
		{F9DDA5CD-9FE5-4C08-B947-C89037F4A371}.Release|Any CPU.Build.0 = Release|Any CPU
		{9D806714-A49A-4E8D-901E-697D6BDB0E7F}.Debug|Any CPU.ActiveCfg = Debug|Any CPU
		{9D806714-A49A-4E8D-901E-697D6BDB0E7F}.Debug|Any CPU.Build.0 = Debug|Any CPU
		{9D806714-A49A-4E8D-901E-697D6BDB0E7F}.Release|Any CPU.ActiveCfg = Release|Any CPU
		{9D806714-A49A-4E8D-901E-697D6BDB0E7F}.Release|Any CPU.Build.0 = Release|Any CPU
		{7047EAAB-70BB-4A69-8AA4-6FDB900FE89D}.Debug|Any CPU.ActiveCfg = Debug|Any CPU
		{7047EAAB-70BB-4A69-8AA4-6FDB900FE89D}.Debug|Any CPU.Build.0 = Debug|Any CPU
		{7047EAAB-70BB-4A69-8AA4-6FDB900FE89D}.Release|Any CPU.ActiveCfg = Release|Any CPU
		{7047EAAB-70BB-4A69-8AA4-6FDB900FE89D}.Release|Any CPU.Build.0 = Release|Any CPU
		{E65DFEA1-B244-4DDA-B657-6C1B6A31FE55}.Debug|Any CPU.ActiveCfg = Debug|Any CPU
		{E65DFEA1-B244-4DDA-B657-6C1B6A31FE55}.Debug|Any CPU.Build.0 = Debug|Any CPU
		{E65DFEA1-B244-4DDA-B657-6C1B6A31FE55}.Release|Any CPU.ActiveCfg = Release|Any CPU
		{E65DFEA1-B244-4DDA-B657-6C1B6A31FE55}.Release|Any CPU.Build.0 = Release|Any CPU
	EndGlobalSection
	GlobalSection(SolutionProperties) = preSolution
		HideSolutionNode = FALSE
	EndGlobalSection
	GlobalSection(NestedProjects) = preSolution
		{A4B2515F-488C-43E4-9ABC-0FDCB3BA75AA} = {5A4B0ED2-029F-4F72-BCDE-369B0E4D47B3}
		{6E4B53EB-1036-4443-8970-DCEDDB518B43} = {5A4B0ED2-029F-4F72-BCDE-369B0E4D47B3}
		{F9DDA5CD-9FE5-4C08-B947-C89037F4A371} = {82862A9E-6ECE-476D-9A60-FC3483E82336}
		{9D806714-A49A-4E8D-901E-697D6BDB0E7F} = {82862A9E-6ECE-476D-9A60-FC3483E82336}
		{7047EAAB-70BB-4A69-8AA4-6FDB900FE89D} = {82862A9E-6ECE-476D-9A60-FC3483E82336}
		{E65DFEA1-B244-4DDA-B657-6C1B6A31FE55} = {82862A9E-6ECE-476D-9A60-FC3483E82336}
	EndGlobalSection
	GlobalSection(ExtensibilityGlobals) = postSolution
		SolutionGuid = {47142841-32C1-4445-8363-B59D14D2B678}
	EndGlobalSection
EndGlobal
